{
  "nodes": {
    "linux-next-src": {
      "flake": false,
      "locked": {
        "lastModified": 1770762426,
        "narHash": "sha256-lWWwxoW25bnLkIkX4gf6WbgRDtgNhKubG8MqIxr6wHU=",
        "ref": "refs/tags/next-20260210",
        "rev": "fd9678829d6dd0c10fde080b536abf4b1121c346",
        "shallow": true,
        "type": "git",
        "url": "https://git.kernel.org/pub/scm/linux/kernel/git/next/linux-next.git"
      },
      "original": {
        "ref": "refs/tags/next-20260210",
        "shallow": true,
        "type": "git",
        "url": "https://git.kernel.org/pub/scm/linux/kernel/git/next/linux-next.git"
      }
    },
    "nixpkgs": {
      "locked": {
        "lastModified": 1771369470,
        "narHash": "sha256-0NBlEBKkN3lufyvFegY4TYv5mCNHbi5OmBDrzihbBMQ=",
        "owner": "NixOS",
        "repo": "nixpkgs",
        "rev": "0182a361324364ae3f436a63005877674cf45efb",
        "type": "github"
      },
      "original": {
        "owner": "NixOS",
        "ref": "nixos-unstable",
        "repo": "nixpkgs",
        "type": "github"
      }
    },
    "root": {
      "inputs": {
        "linux-next-src": "linux-next-src",
        "nixpkgs": "nixpkgs"
      }
    }
  },
  "root": "root",
  "version": 7
}
